// !$*UTF8*$!
{
	archiveVersion = 1;
	classes = {
	};
	objectVersion = 56;
	objects = {

/* Begin PBXBuildFile section */
		8113331E2A114E7300F6A1B2 /* SnapKit in Frameworks */ = {isa = PBXBuildFile; productRef = 8113331D2A114E7300F6A1B2 /* SnapKit */; };
		813F09992A121933007CB91B /* UITextField+Additions.swift in Sources */ = {isa = PBXBuildFile; fileRef = 813F09982A121933007CB91B /* UITextField+Additions.swift */; };
		815561522A13724600BD9C16 /* GoogleService-Info.plist in Resources */ = {isa = PBXBuildFile; fileRef = 815561512A13724500BD9C16 /* GoogleService-Info.plist */; };
		815561552A1375CC00BD9C16 /* FirebaseAuth in Frameworks */ = {isa = PBXBuildFile; productRef = 815561542A1375CC00BD9C16 /* FirebaseAuth */; };
		815561572A1375CC00BD9C16 /* FirebaseFirestore in Frameworks */ = {isa = PBXBuildFile; productRef = 815561562A1375CC00BD9C16 /* FirebaseFirestore */; };
		815561592A1375CC00BD9C16 /* FirebaseFirestoreSwift in Frameworks */ = {isa = PBXBuildFile; productRef = 815561582A1375CC00BD9C16 /* FirebaseFirestoreSwift */; };
		8155615B2A1375CC00BD9C16 /* FirebaseStorage in Frameworks */ = {isa = PBXBuildFile; productRef = 8155615A2A1375CC00BD9C16 /* FirebaseStorage */; };
		81AE4C502A13F9AF005E6CAD /* SignUpViewController.swift in Sources */ = {isa = PBXBuildFile; fileRef = 81AE4C4F2A13F9AF005E6CAD /* SignUpViewController.swift */; };
		81D7D0D42A0B6706005E2937 /* AppDelegate.swift in Sources */ = {isa = PBXBuildFile; fileRef = 81D7D0D32A0B6706005E2937 /* AppDelegate.swift */; };
		81D7D0D62A0B6706005E2937 /* SceneDelegate.swift in Sources */ = {isa = PBXBuildFile; fileRef = 81D7D0D52A0B6706005E2937 /* SceneDelegate.swift */; };
		81D7D0D82A0B6706005E2937 /* AuthViewController.swift in Sources */ = {isa = PBXBuildFile; fileRef = 81D7D0D72A0B6706005E2937 /* AuthViewController.swift */; };
		81D7D0DD2A0B6708005E2937 /* Assets.xcassets in Resources */ = {isa = PBXBuildFile; fileRef = 81D7D0DC2A0B6708005E2937 /* Assets.xcassets */; };
		81D7D0E02A0B6708005E2937 /* LaunchScreen.storyboard in Resources */ = {isa = PBXBuildFile; fileRef = 81D7D0DE2A0B6708005E2937 /* LaunchScreen.storyboard */; };
		81E15CC32A116CCE0011756B /* IntegralCF-Regular.otf in Resources */ = {isa = PBXBuildFile; fileRef = 81E15CC12A116CCE0011756B /* IntegralCF-Regular.otf */; };
		81E15CC42A116CCE0011756B /* IntegralCF-Bold.otf in Resources */ = {isa = PBXBuildFile; fileRef = 81E15CC22A116CCE0011756B /* IntegralCF-Bold.otf */; };
		81E15CC92A116E440011756B /* OpenSans-SemiBold.ttf in Resources */ = {isa = PBXBuildFile; fileRef = 81E15CC52A116E440011756B /* OpenSans-SemiBold.ttf */; };
		81E15CCA2A116E440011756B /* OpenSans-Medium.ttf in Resources */ = {isa = PBXBuildFile; fileRef = 81E15CC62A116E440011756B /* OpenSans-Medium.ttf */; };
		81E15CCB2A116E440011756B /* OpenSans-Regular.ttf in Resources */ = {isa = PBXBuildFile; fileRef = 81E15CC72A116E440011756B /* OpenSans-Regular.ttf */; };
		81E15CCC2A116E440011756B /* OpenSans-Bold.ttf in Resources */ = {isa = PBXBuildFile; fileRef = 81E15CC82A116E440011756B /* OpenSans-Bold.ttf */; };
		81F4F6CD2A0B893B0085A0EB /* WelcomeViewController.swift in Sources */ = {isa = PBXBuildFile; fileRef = 81F4F6CC2A0B893B0085A0EB /* WelcomeViewController.swift */; };
		81F4F6D02A0B89B10085A0EB /* HomeViewController.swift in Sources */ = {isa = PBXBuildFile; fileRef = 81F4F6CF2A0B89B10085A0EB /* HomeViewController.swift */; };
		81F4F6D22A0B8A250085A0EB /* TabBarViewController.swift in Sources */ = {isa = PBXBuildFile; fileRef = 81F4F6D12A0B8A250085A0EB /* TabBarViewController.swift */; };
		81F4F6D42A0B8A520085A0EB /* ExerciseViewController.swift in Sources */ = {isa = PBXBuildFile; fileRef = 81F4F6D32A0B8A520085A0EB /* ExerciseViewController.swift */; };
		81F4F6D92A0B8AA00085A0EB /* CustomViewController.swift in Sources */ = {isa = PBXBuildFile; fileRef = 81F4F6D82A0B8AA00085A0EB /* CustomViewController.swift */; };
		81F4F6DB2A0B8AE00085A0EB /* SettingsViewController.swift in Sources */ = {isa = PBXBuildFile; fileRef = 81F4F6DA2A0B8AE00085A0EB /* SettingsViewController.swift */; };
		81F4F6DD2A0B8B4B0085A0EB /* AuthManager.swift in Sources */ = {isa = PBXBuildFile; fileRef = 81F4F6DC2A0B8B4B0085A0EB /* AuthManager.swift */; };
		81F4F6DF2A0B8B600085A0EB /* APICaller.swift in Sources */ = {isa = PBXBuildFile; fileRef = 81F4F6DE2A0B8B600085A0EB /* APICaller.swift */; };
		81F4F6E12A0B8C9C0085A0EB /* Exercise.swift in Sources */ = {isa = PBXBuildFile; fileRef = 81F4F6E02A0B8C9C0085A0EB /* Exercise.swift */; };
		81F4F6E32A0B8CB10085A0EB /* UserProfile.swift in Sources */ = {isa = PBXBuildFile; fileRef = 81F4F6E22A0B8CB10085A0EB /* UserProfile.swift */; };
/* End PBXBuildFile section */

/* Begin PBXFileReference section */
		813F09982A121933007CB91B /* UITextField+Additions.swift */ = {isa = PBXFileReference; lastKnownFileType = sourcecode.swift; path = "UITextField+Additions.swift"; sourceTree = "<group>"; };
		815561512A13724500BD9C16 /* GoogleService-Info.plist */ = {isa = PBXFileReference; fileEncoding = 4; lastKnownFileType = text.plist.xml; path = "GoogleService-Info.plist"; sourceTree = "<group>"; };
		81AE4C4F2A13F9AF005E6CAD /* SignUpViewController.swift */ = {isa = PBXFileReference; lastKnownFileType = sourcecode.swift; path = SignUpViewController.swift; sourceTree = "<group>"; };
		81D7D0D02A0B6706005E2937 /* GoFitness.app */ = {isa = PBXFileReference; explicitFileType = wrapper.application; includeInIndex = 0; path = GoFitness.app; sourceTree = BUILT_PRODUCTS_DIR; };
		81D7D0D32A0B6706005E2937 /* AppDelegate.swift */ = {isa = PBXFileReference; lastKnownFileType = sourcecode.swift; path = AppDelegate.swift; sourceTree = "<group>"; };
		81D7D0D52A0B6706005E2937 /* SceneDelegate.swift */ = {isa = PBXFileReference; lastKnownFileType = sourcecode.swift; path = SceneDelegate.swift; sourceTree = "<group>"; };
		81D7D0D72A0B6706005E2937 /* AuthViewController.swift */ = {isa = PBXFileReference; lastKnownFileType = sourcecode.swift; path = AuthViewController.swift; sourceTree = "<group>"; };
		81D7D0DC2A0B6708005E2937 /* Assets.xcassets */ = {isa = PBXFileReference; lastKnownFileType = folder.assetcatalog; path = Assets.xcassets; sourceTree = "<group>"; };
		81D7D0DF2A0B6708005E2937 /* Base */ = {isa = PBXFileReference; lastKnownFileType = file.storyboard; name = Base; path = Base.lproj/LaunchScreen.storyboard; sourceTree = "<group>"; };
		81D7D0E12A0B6708005E2937 /* Info.plist */ = {isa = PBXFileReference; lastKnownFileType = text.plist.xml; path = Info.plist; sourceTree = "<group>"; };
		81E15CC12A116CCE0011756B /* IntegralCF-Regular.otf */ = {isa = PBXFileReference; lastKnownFileType = file; name = "IntegralCF-Regular.otf"; path = "../../../../../../Downloads/Integral CF v1.1.1w/OTF/IntegralCF-Regular.otf"; sourceTree = "<group>"; };
		81E15CC22A116CCE0011756B /* IntegralCF-Bold.otf */ = {isa = PBXFileReference; lastKnownFileType = file; name = "IntegralCF-Bold.otf"; path = "../../../../../../Downloads/Integral CF v1.1.1w/OTF/IntegralCF-Bold.otf"; sourceTree = "<group>"; };
		81E15CC52A116E440011756B /* OpenSans-SemiBold.ttf */ = {isa = PBXFileReference; lastKnownFileType = file; name = "OpenSans-SemiBold.ttf"; path = "../../../../../../Downloads/Open_Sans/static/OpenSans-SemiBold.ttf"; sourceTree = "<group>"; };
		81E15CC62A116E440011756B /* OpenSans-Medium.ttf */ = {isa = PBXFileReference; lastKnownFileType = file; name = "OpenSans-Medium.ttf"; path = "../../../../../../Downloads/Open_Sans/static/OpenSans-Medium.ttf"; sourceTree = "<group>"; };
		81E15CC72A116E440011756B /* OpenSans-Regular.ttf */ = {isa = PBXFileReference; lastKnownFileType = file; name = "OpenSans-Regular.ttf"; path = "../../../../../../Downloads/Open_Sans/static/OpenSans-Regular.ttf"; sourceTree = "<group>"; };
		81E15CC82A116E440011756B /* OpenSans-Bold.ttf */ = {isa = PBXFileReference; lastKnownFileType = file; name = "OpenSans-Bold.ttf"; path = "../../../../../../Downloads/Open_Sans/static/OpenSans-Bold.ttf"; sourceTree = "<group>"; };
		81F4F6CC2A0B893B0085A0EB /* WelcomeViewController.swift */ = {isa = PBXFileReference; lastKnownFileType = sourcecode.swift; path = WelcomeViewController.swift; sourceTree = "<group>"; };
		81F4F6CF2A0B89B10085A0EB /* HomeViewController.swift */ = {isa = PBXFileReference; lastKnownFileType = sourcecode.swift; path = HomeViewController.swift; sourceTree = "<group>"; };
		81F4F6D12A0B8A250085A0EB /* TabBarViewController.swift */ = {isa = PBXFileReference; lastKnownFileType = sourcecode.swift; path = TabBarViewController.swift; sourceTree = "<group>"; };
		81F4F6D32A0B8A520085A0EB /* ExerciseViewController.swift */ = {isa = PBXFileReference; lastKnownFileType = sourcecode.swift; path = ExerciseViewController.swift; sourceTree = "<group>"; };
		81F4F6D82A0B8AA00085A0EB /* CustomViewController.swift */ = {isa = PBXFileReference; lastKnownFileType = sourcecode.swift; path = CustomViewController.swift; sourceTree = "<group>"; };
		81F4F6DA2A0B8AE00085A0EB /* SettingsViewController.swift */ = {isa = PBXFileReference; lastKnownFileType = sourcecode.swift; path = SettingsViewController.swift; sourceTree = "<group>"; };
		81F4F6DC2A0B8B4B0085A0EB /* AuthManager.swift */ = {isa = PBXFileReference; lastKnownFileType = sourcecode.swift; path = AuthManager.swift; sourceTree = "<group>"; };
		81F4F6DE2A0B8B600085A0EB /* APICaller.swift */ = {isa = PBXFileReference; lastKnownFileType = sourcecode.swift; path = APICaller.swift; sourceTree = "<group>"; };
		81F4F6E02A0B8C9C0085A0EB /* Exercise.swift */ = {isa = PBXFileReference; lastKnownFileType = sourcecode.swift; path = Exercise.swift; sourceTree = "<group>"; };
		81F4F6E22A0B8CB10085A0EB /* UserProfile.swift */ = {isa = PBXFileReference; lastKnownFileType = sourcecode.swift; path = UserProfile.swift; sourceTree = "<group>"; };
/* End PBXFileReference section */

/* Begin PBXFrameworksBuildPhase section */
		81D7D0CD2A0B6706005E2937 /* Frameworks */ = {
			isa = PBXFrameworksBuildPhase;
			buildActionMask = 2147483647;
			files = (
				8113331E2A114E7300F6A1B2 /* SnapKit in Frameworks */,
				815561552A1375CC00BD9C16 /* FirebaseAuth in Frameworks */,
				815561572A1375CC00BD9C16 /* FirebaseFirestore in Frameworks */,
				8155615B2A1375CC00BD9C16 /* FirebaseStorage in Frameworks */,
				815561592A1375CC00BD9C16 /* FirebaseFirestoreSwift in Frameworks */,
			);
			runOnlyForDeploymentPostprocessing = 0;
		};
/* End PBXFrameworksBuildPhase section */

/* Begin PBXGroup section */
		813F09932A121473007CB91B /* Helpers */ = {
			isa = PBXGroup;
			children = (
				813F09952A12148D007CB91B /* Extensions */,
				81F4F6C92A0B85B90085A0EB /* Managers */,
			);
			path = Helpers;
			sourceTree = "<group>";
		};
		813F09952A12148D007CB91B /* Extensions */ = {
			isa = PBXGroup;
			children = (
				813F09982A121933007CB91B /* UITextField+Additions.swift */,
			);
			path = Extensions;
			sourceTree = "<group>";
		};
		81D7D0C72A0B6706005E2937 = {
			isa = PBXGroup;
			children = (
				81D7D0D22A0B6706005E2937 /* GoFitness */,
				81D7D0D12A0B6706005E2937 /* Products */,
			);
			sourceTree = "<group>";
		};
		81D7D0D12A0B6706005E2937 /* Products */ = {
			isa = PBXGroup;
			children = (
				81D7D0D02A0B6706005E2937 /* GoFitness.app */,
			);
			name = Products;
			sourceTree = "<group>";
		};
		81D7D0D22A0B6706005E2937 /* GoFitness */ = {
			isa = PBXGroup;
			children = (
				813F09932A121473007CB91B /* Helpers */,
				81F4F6CA2A0B85C40085A0EB /* Resources */,
				81F4F6C82A0B85B00085A0EB /* ViewModels */,
				81F4F6C72A0B855E0085A0EB /* Models */,
				81F4F6C62A0B854D0085A0EB /* Views */,
				81F4F6C52A0B853F0085A0EB /* Controllers */,
				81D7D0E12A0B6708005E2937 /* Info.plist */,
			);
			path = GoFitness;
			sourceTree = "<group>";
		};
		81E15CBC2A116C9A0011756B /* Fonts */ = {
			isa = PBXGroup;
			children = (
				81E15CC22A116CCE0011756B /* IntegralCF-Bold.otf */,
				81E15CC12A116CCE0011756B /* IntegralCF-Regular.otf */,
				81E15CC82A116E440011756B /* OpenSans-Bold.ttf */,
				81E15CC62A116E440011756B /* OpenSans-Medium.ttf */,
				81E15CC72A116E440011756B /* OpenSans-Regular.ttf */,
				81E15CC52A116E440011756B /* OpenSans-SemiBold.ttf */,
			);
			path = Fonts;
			sourceTree = "<group>";
		};
		81F4F6C52A0B853F0085A0EB /* Controllers */ = {
			isa = PBXGroup;
			children = (
				81F4F6CE2A0B89480085A0EB /* Core */,
				81F4F6CB2A0B880D0085A0EB /* Other */,
			);
			path = Controllers;
			sourceTree = "<group>";
		};
		81F4F6C62A0B854D0085A0EB /* Views */ = {
			isa = PBXGroup;
			children = (
				81D7D0DE2A0B6708005E2937 /* LaunchScreen.storyboard */,
			);
			path = Views;
			sourceTree = "<group>";
		};
		81F4F6C72A0B855E0085A0EB /* Models */ = {
			isa = PBXGroup;
			children = (
				81F4F6E02A0B8C9C0085A0EB /* Exercise.swift */,
				81F4F6E22A0B8CB10085A0EB /* UserProfile.swift */,
			);
			path = Models;
			sourceTree = "<group>";
		};
		81F4F6C82A0B85B00085A0EB /* ViewModels */ = {
			isa = PBXGroup;
			children = (
			);
			path = ViewModels;
			sourceTree = "<group>";
		};
		81F4F6C92A0B85B90085A0EB /* Managers */ = {
			isa = PBXGroup;
			children = (
				81F4F6DC2A0B8B4B0085A0EB /* AuthManager.swift */,
				81F4F6DE2A0B8B600085A0EB /* APICaller.swift */,
			);
			path = Managers;
			sourceTree = "<group>";
		};
		81F4F6CA2A0B85C40085A0EB /* Resources */ = {
			isa = PBXGroup;
			children = (
				815561512A13724500BD9C16 /* GoogleService-Info.plist */,
				81E15CBC2A116C9A0011756B /* Fonts */,
				81D7D0DC2A0B6708005E2937 /* Assets.xcassets */,
				81D7D0D32A0B6706005E2937 /* AppDelegate.swift */,
				81D7D0D52A0B6706005E2937 /* SceneDelegate.swift */,
			);
			path = Resources;
			sourceTree = "<group>";
		};
		81F4F6CB2A0B880D0085A0EB /* Other */ = {
			isa = PBXGroup;
			children = (
				81D7D0D72A0B6706005E2937 /* AuthViewController.swift */,
				81F4F6CC2A0B893B0085A0EB /* WelcomeViewController.swift */,
				81AE4C4F2A13F9AF005E6CAD /* SignUpViewController.swift */,
			);
			path = Other;
			sourceTree = "<group>";
		};
		81F4F6CE2A0B89480085A0EB /* Core */ = {
			isa = PBXGroup;
			children = (
				81F4F6D12A0B8A250085A0EB /* TabBarViewController.swift */,
				81F4F6CF2A0B89B10085A0EB /* HomeViewController.swift */,
				81F4F6D32A0B8A520085A0EB /* ExerciseViewController.swift */,
				81F4F6D82A0B8AA00085A0EB /* CustomViewController.swift */,
				81F4F6DA2A0B8AE00085A0EB /* SettingsViewController.swift */,
			);
			path = Core;
			sourceTree = "<group>";
		};
/* End PBXGroup section */

/* Begin PBXNativeTarget section */
		81D7D0CF2A0B6706005E2937 /* GoFitness */ = {
			isa = PBXNativeTarget;
			buildConfigurationList = 81D7D0E42A0B6708005E2937 /* Build configuration list for PBXNativeTarget "GoFitness" */;
			buildPhases = (
				81D7D0CC2A0B6706005E2937 /* Sources */,
				81D7D0CD2A0B6706005E2937 /* Frameworks */,
				81D7D0CE2A0B6706005E2937 /* Resources */,
			);
			buildRules = (
			);
			dependencies = (
			);
			name = GoFitness;
			packageProductDependencies = (
				8113331D2A114E7300F6A1B2 /* SnapKit */,
				815561542A1375CC00BD9C16 /* FirebaseAuth */,
				815561562A1375CC00BD9C16 /* FirebaseFirestore */,
				815561582A1375CC00BD9C16 /* FirebaseFirestoreSwift */,
				8155615A2A1375CC00BD9C16 /* FirebaseStorage */,
			);
			productName = GoFitness;
			productReference = 81D7D0D02A0B6706005E2937 /* GoFitness.app */;
			productType = "com.apple.product-type.application";
		};
/* End PBXNativeTarget section */

/* Begin PBXProject section */
		81D7D0C82A0B6706005E2937 /* Project object */ = {
			isa = PBXProject;
			attributes = {
				BuildIndependentTargetsInParallel = 1;
				LastSwiftUpdateCheck = 1420;
				LastUpgradeCheck = 1420;
				TargetAttributes = {
					81D7D0CF2A0B6706005E2937 = {
						CreatedOnToolsVersion = 14.2;
					};
				};
			};
			buildConfigurationList = 81D7D0CB2A0B6706005E2937 /* Build configuration list for PBXProject "GoFitness" */;
			compatibilityVersion = "Xcode 14.0";
			developmentRegion = en;
			hasScannedForEncodings = 0;
			knownRegions = (
				en,
				Base,
			);
			mainGroup = 81D7D0C72A0B6706005E2937;
			packageReferences = (
				8113331C2A114E7300F6A1B2 /* XCRemoteSwiftPackageReference "SnapKit" */,
				815561532A1375CC00BD9C16 /* XCRemoteSwiftPackageReference "firebase-ios-sdk" */,
			);
			productRefGroup = 81D7D0D12A0B6706005E2937 /* Products */;
			projectDirPath = "";
			projectRoot = "";
			targets = (
				81D7D0CF2A0B6706005E2937 /* GoFitness */,
			);
		};
/* End PBXProject section */

/* Begin PBXResourcesBuildPhase section */
		81D7D0CE2A0B6706005E2937 /* Resources */ = {
			isa = PBXResourcesBuildPhase;
			buildActionMask = 2147483647;
			files = (
				81E15CCA2A116E440011756B /* OpenSans-Medium.ttf in Resources */,
				81E15CC32A116CCE0011756B /* IntegralCF-Regular.otf in Resources */,
				815561522A13724600BD9C16 /* GoogleService-Info.plist in Resources */,
				81E15CCC2A116E440011756B /* OpenSans-Bold.ttf in Resources */,
				81D7D0E02A0B6708005E2937 /* LaunchScreen.storyboard in Resources */,
				81E15CCB2A116E440011756B /* OpenSans-Regular.ttf in Resources */,
				81E15CC92A116E440011756B /* OpenSans-SemiBold.ttf in Resources */,
				81D7D0DD2A0B6708005E2937 /* Assets.xcassets in Resources */,
				81E15CC42A116CCE0011756B /* IntegralCF-Bold.otf in Resources */,
			);
			runOnlyForDeploymentPostprocessing = 0;
		};
/* End PBXResourcesBuildPhase section */

/* Begin PBXSourcesBuildPhase section */
		81D7D0CC2A0B6706005E2937 /* Sources */ = {
			isa = PBXSourcesBuildPhase;
			buildActionMask = 2147483647;
			files = (
				81F4F6D92A0B8AA00085A0EB /* CustomViewController.swift in Sources */,
				81F4F6D02A0B89B10085A0EB /* HomeViewController.swift in Sources */,
				81D7D0D82A0B6706005E2937 /* AuthViewController.swift in Sources */,
				81F4F6CD2A0B893B0085A0EB /* WelcomeViewController.swift in Sources */,
				81D7D0D42A0B6706005E2937 /* AppDelegate.swift in Sources */,
				81F4F6E12A0B8C9C0085A0EB /* Exercise.swift in Sources */,
				81F4F6D42A0B8A520085A0EB /* ExerciseViewController.swift in Sources */,
				813F09992A121933007CB91B /* UITextField+Additions.swift in Sources */,
				81F4F6D22A0B8A250085A0EB /* TabBarViewController.swift in Sources */,
				81AE4C502A13F9AF005E6CAD /* SignUpViewController.swift in Sources */,
				81D7D0D62A0B6706005E2937 /* SceneDelegate.swift in Sources */,
				81F4F6DF2A0B8B600085A0EB /* APICaller.swift in Sources */,
				81F4F6DB2A0B8AE00085A0EB /* SettingsViewController.swift in Sources */,
				81F4F6DD2A0B8B4B0085A0EB /* AuthManager.swift in Sources */,
				81F4F6E32A0B8CB10085A0EB /* UserProfile.swift in Sources */,
			);
			runOnlyForDeploymentPostprocessing = 0;
		};
/* End PBXSourcesBuildPhase section */

/* Begin PBXVariantGroup section */
		81D7D0DE2A0B6708005E2937 /* LaunchScreen.storyboard */ = {
			isa = PBXVariantGroup;
			children = (
				81D7D0DF2A0B6708005E2937 /* Base */,
			);
			name = LaunchScreen.storyboard;
			sourceTree = "<group>";
		};
/* End PBXVariantGroup section */

/* Begin XCBuildConfiguration section */
		81D7D0E22A0B6708005E2937 /* Debug */ = {
			isa = XCBuildConfiguration;
			buildSettings = {
				ALWAYS_SEARCH_USER_PATHS = NO;
				CLANG_ANALYZER_NONNULL = YES;
				CLANG_ANALYZER_NUMBER_OBJECT_CONVERSION = YES_AGGRESSIVE;
				CLANG_CXX_LANGUAGE_STANDARD = "gnu++20";
				CLANG_ENABLE_MODULES = YES;
				CLANG_ENABLE_OBJC_ARC = YES;
				CLANG_ENABLE_OBJC_WEAK = YES;
				CLANG_WARN_BLOCK_CAPTURE_AUTORELEASING = YES;
				CLANG_WARN_BOOL_CONVERSION = YES;
				CLANG_WARN_COMMA = YES;
				CLANG_WARN_CONSTANT_CONVERSION = YES;
				CLANG_WARN_DEPRECATED_OBJC_IMPLEMENTATIONS = YES;
				CLANG_WARN_DIRECT_OBJC_ISA_USAGE = YES_ERROR;
				CLANG_WARN_DOCUMENTATION_COMMENTS = YES;
				CLANG_WARN_EMPTY_BODY = YES;
				CLANG_WARN_ENUM_CONVERSION = YES;
				CLANG_WARN_INFINITE_RECURSION = YES;
				CLANG_WARN_INT_CONVERSION = YES;
				CLANG_WARN_NON_LITERAL_NULL_CONVERSION = YES;
				CLANG_WARN_OBJC_IMPLICIT_RETAIN_SELF = YES;
				CLANG_WARN_OBJC_LITERAL_CONVERSION = YES;
				CLANG_WARN_OBJC_ROOT_CLASS = YES_ERROR;
				CLANG_WARN_QUOTED_INCLUDE_IN_FRAMEWORK_HEADER = YES;
				CLANG_WARN_RANGE_LOOP_ANALYSIS = YES;
				CLANG_WARN_STRICT_PROTOTYPES = YES;
				CLANG_WARN_SUSPICIOUS_MOVE = YES;
				CLANG_WARN_UNGUARDED_AVAILABILITY = YES_AGGRESSIVE;
				CLANG_WARN_UNREACHABLE_CODE = YES;
				CLANG_WARN__DUPLICATE_METHOD_MATCH = YES;
				COPY_PHASE_STRIP = NO;
				DEBUG_INFORMATION_FORMAT = dwarf;
				ENABLE_STRICT_OBJC_MSGSEND = YES;
				ENABLE_TESTABILITY = YES;
				GCC_C_LANGUAGE_STANDARD = gnu11;
				GCC_DYNAMIC_NO_PIC = NO;
				GCC_NO_COMMON_BLOCKS = YES;
				GCC_OPTIMIZATION_LEVEL = 0;
				GCC_PREPROCESSOR_DEFINITIONS = (
					"DEBUG=1",
					"$(inherited)",
				);
				GCC_WARN_64_TO_32_BIT_CONVERSION = YES;
				GCC_WARN_ABOUT_RETURN_TYPE = YES_ERROR;
				GCC_WARN_UNDECLARED_SELECTOR = YES;
				GCC_WARN_UNINITIALIZED_AUTOS = YES_AGGRESSIVE;
				GCC_WARN_UNUSED_FUNCTION = YES;
				GCC_WARN_UNUSED_VARIABLE = YES;
				IPHONEOS_DEPLOYMENT_TARGET = 16.2;
				MTL_ENABLE_DEBUG_INFO = INCLUDE_SOURCE;
				MTL_FAST_MATH = YES;
				ONLY_ACTIVE_ARCH = YES;
				SDKROOT = iphoneos;
				SWIFT_ACTIVE_COMPILATION_CONDITIONS = DEBUG;
				SWIFT_OPTIMIZATION_LEVEL = "-Onone";
			};
			name = Debug;
		};
		81D7D0E32A0B6708005E2937 /* Release */ = {
			isa = XCBuildConfiguration;
			buildSettings = {
				ALWAYS_SEARCH_USER_PATHS = NO;
				CLANG_ANALYZER_NONNULL = YES;
				CLANG_ANALYZER_NUMBER_OBJECT_CONVERSION = YES_AGGRESSIVE;
				CLANG_CXX_LANGUAGE_STANDARD = "gnu++20";
				CLANG_ENABLE_MODULES = YES;
				CLANG_ENABLE_OBJC_ARC = YES;
				CLANG_ENABLE_OBJC_WEAK = YES;
				CLANG_WARN_BLOCK_CAPTURE_AUTORELEASING = YES;
				CLANG_WARN_BOOL_CONVERSION = YES;
				CLANG_WARN_COMMA = YES;
				CLANG_WARN_CONSTANT_CONVERSION = YES;
				CLANG_WARN_DEPRECATED_OBJC_IMPLEMENTATIONS = YES;
				CLANG_WARN_DIRECT_OBJC_ISA_USAGE = YES_ERROR;
				CLANG_WARN_DOCUMENTATION_COMMENTS = YES;
				CLANG_WARN_EMPTY_BODY = YES;
				CLANG_WARN_ENUM_CONVERSION = YES;
				CLANG_WARN_INFINITE_RECURSION = YES;
				CLANG_WARN_INT_CONVERSION = YES;
				CLANG_WARN_NON_LITERAL_NULL_CONVERSION = YES;
				CLANG_WARN_OBJC_IMPLICIT_RETAIN_SELF = YES;
				CLANG_WARN_OBJC_LITERAL_CONVERSION = YES;
				CLANG_WARN_OBJC_ROOT_CLASS = YES_ERROR;
				CLANG_WARN_QUOTED_INCLUDE_IN_FRAMEWORK_HEADER = YES;
				CLANG_WARN_RANGE_LOOP_ANALYSIS = YES;
				CLANG_WARN_STRICT_PROTOTYPES = YES;
				CLANG_WARN_SUSPICIOUS_MOVE = YES;
				CLANG_WARN_UNGUARDED_AVAILABILITY = YES_AGGRESSIVE;
				CLANG_WARN_UNREACHABLE_CODE = YES;
				CLANG_WARN__DUPLICATE_METHOD_MATCH = YES;
				COPY_PHASE_STRIP = NO;
				DEBUG_INFORMATION_FORMAT = "dwarf-with-dsym";
				ENABLE_NS_ASSERTIONS = NO;
				ENABLE_STRICT_OBJC_MSGSEND = YES;
				GCC_C_LANGUAGE_STANDARD = gnu11;
				GCC_NO_COMMON_BLOCKS = YES;
				GCC_WARN_64_TO_32_BIT_CONVERSION = YES;
				GCC_WARN_ABOUT_RETURN_TYPE = YES_ERROR;
				GCC_WARN_UNDECLARED_SELECTOR = YES;
				GCC_WARN_UNINITIALIZED_AUTOS = YES_AGGRESSIVE;
				GCC_WARN_UNUSED_FUNCTION = YES;
				GCC_WARN_UNUSED_VARIABLE = YES;
				IPHONEOS_DEPLOYMENT_TARGET = 16.2;
				MTL_ENABLE_DEBUG_INFO = NO;
				MTL_FAST_MATH = YES;
				SDKROOT = iphoneos;
				SWIFT_COMPILATION_MODE = wholemodule;
				SWIFT_OPTIMIZATION_LEVEL = "-O";
				VALIDATE_PRODUCT = YES;
			};
			name = Release;
		};
		81D7D0E52A0B6708005E2937 /* Debug */ = {
			isa = XCBuildConfiguration;
			buildSettings = {
				ASSETCATALOG_COMPILER_APPICON_NAME = AppIcon;
				ASSETCATALOG_COMPILER_GLOBAL_ACCENT_COLOR_NAME = AccentColor;
				CODE_SIGN_STYLE = Automatic;
				CURRENT_PROJECT_VERSION = 1;
				DEVELOPMENT_TEAM = 4U78P24H2F;
				GENERATE_INFOPLIST_FILE = YES;
				INFOPLIST_FILE = GoFitness/Info.plist;
				INFOPLIST_KEY_CFBundleDisplayName = GoFitness;
				INFOPLIST_KEY_LSApplicationCategoryType = "public.app-category.healthcare-fitness";
				INFOPLIST_KEY_UIApplicationSupportsIndirectInputEvents = YES;
				INFOPLIST_KEY_UILaunchStoryboardName = LaunchScreen;
				INFOPLIST_KEY_UISupportedInterfaceOrientations_iPad = "UIInterfaceOrientationPortrait UIInterfaceOrientationPortraitUpsideDown UIInterfaceOrientationLandscapeLeft UIInterfaceOrientationLandscapeRight";
				INFOPLIST_KEY_UISupportedInterfaceOrientations_iPhone = "UIInterfaceOrientationPortrait UIInterfaceOrientationLandscapeLeft UIInterfaceOrientationLandscapeRight";
				LD_RUNPATH_SEARCH_PATHS = (
					"$(inherited)",
					"@executable_path/Frameworks",
				);
				MARKETING_VERSION = 1.0;
				PRODUCT_BUNDLE_IDENTIFIER = me.tharindu.GoFitness;
				PRODUCT_NAME = "$(TARGET_NAME)";
				SUPPORTED_PLATFORMS = "iphoneos iphonesimulator";
				SUPPORTS_MACCATALYST = NO;
				SUPPORTS_MAC_DESIGNED_FOR_IPHONE_IPAD = NO;
				SWIFT_EMIT_LOC_STRINGS = YES;
				SWIFT_VERSION = 5.0;
				TARGETED_DEVICE_FAMILY = "1,2";
			};
			name = Debug;
		};
		81D7D0E62A0B6708005E2937 /* Release */ = {
			isa = XCBuildConfiguration;
			buildSettings = {
				ASSETCATALOG_COMPILER_APPICON_NAME = AppIcon;
				ASSETCATALOG_COMPILER_GLOBAL_ACCENT_COLOR_NAME = AccentColor;
				CODE_SIGN_STYLE = Automatic;
				CURRENT_PROJECT_VERSION = 1;
				DEVELOPMENT_TEAM = 4U78P24H2F;
				GENERATE_INFOPLIST_FILE = YES;
				INFOPLIST_FILE = GoFitness/Info.plist;
				INFOPLIST_KEY_CFBundleDisplayName = GoFitness;
				INFOPLIST_KEY_LSApplicationCategoryType = "public.app-category.healthcare-fitness";
				INFOPLIST_KEY_UIApplicationSupportsIndirectInputEvents = YES;
				INFOPLIST_KEY_UILaunchStoryboardName = LaunchScreen;
				INFOPLIST_KEY_UISupportedInterfaceOrientations_iPad = "UIInterfaceOrientationPortrait UIInterfaceOrientationPortraitUpsideDown UIInterfaceOrientationLandscapeLeft UIInterfaceOrientationLandscapeRight";
				INFOPLIST_KEY_UISupportedInterfaceOrientations_iPhone = "UIInterfaceOrientationPortrait UIInterfaceOrientationLandscapeLeft UIInterfaceOrientationLandscapeRight";
				LD_RUNPATH_SEARCH_PATHS = (
					"$(inherited)",
					"@executable_path/Frameworks",
				);
				MARKETING_VERSION = 1.0;
				PRODUCT_BUNDLE_IDENTIFIER = me.tharindu.GoFitness;
				PRODUCT_NAME = "$(TARGET_NAME)";
				SUPPORTED_PLATFORMS = "iphoneos iphonesimulator";
				SUPPORTS_MACCATALYST = NO;
				SUPPORTS_MAC_DESIGNED_FOR_IPHONE_IPAD = NO;
				SWIFT_EMIT_LOC_STRINGS = YES;
				SWIFT_VERSION = 5.0;
				TARGETED_DEVICE_FAMILY = "1,2";
			};
			name = Release;
		};
/* End XCBuildConfiguration section */

/* Begin XCConfigurationList section */
		81D7D0CB2A0B6706005E2937 /* Build configuration list for PBXProject "GoFitness" */ = {
			isa = XCConfigurationList;
			buildConfigurations = (
				81D7D0E22A0B6708005E2937 /* Debug */,
				81D7D0E32A0B6708005E2937 /* Release */,
			);
			defaultConfigurationIsVisible = 0;
			defaultConfigurationName = Release;
		};
		81D7D0E42A0B6708005E2937 /* Build configuration list for PBXNativeTarget "GoFitness" */ = {
			isa = XCConfigurationList;
			buildConfigurations = (
				81D7D0E52A0B6708005E2937 /* Debug */,
				81D7D0E62A0B6708005E2937 /* Release */,
			);
			defaultConfigurationIsVisible = 0;
			defaultConfigurationName = Release;
		};
/* End XCConfigurationList section */

/* Begin XCRemoteSwiftPackageReference section */
		8113331C2A114E7300F6A1B2 /* XCRemoteSwiftPackageReference "SnapKit" */ = {
			isa = XCRemoteSwiftPackageReference;
			repositoryURL = "https://github.com/SnapKit/SnapKit.git";
			requirement = {
				kind = upToNextMajorVersion;
				minimumVersion = 5.6.0;
			};
		};
		815561532A1375CC00BD9C16 /* XCRemoteSwiftPackageReference "firebase-ios-sdk" */ = {
			isa = XCRemoteSwiftPackageReference;
			repositoryURL = "https://github.com/firebase/firebase-ios-sdk";
			requirement = {
				kind = upToNextMajorVersion;
				minimumVersion = 10.9.0;
			};
		};
/* End XCRemoteSwiftPackageReference section */

/* Begin XCSwiftPackageProductDependency section */
		8113331D2A114E7300F6A1B2 /* SnapKit */ = {
			isa = XCSwiftPackageProductDependency;
			package = 8113331C2A114E7300F6A1B2 /* XCRemoteSwiftPackageReference "SnapKit" */;
			productName = SnapKit;
		};
		815561542A1375CC00BD9C16 /* FirebaseAuth */ = {
			isa = XCSwiftPackageProductDependency;
			package = 815561532A1375CC00BD9C16 /* XCRemoteSwiftPackageReference "firebase-ios-sdk" */;
			productName = FirebaseAuth;
		};
		815561562A1375CC00BD9C16 /* FirebaseFirestore */ = {
			isa = XCSwiftPackageProductDependency;
			package = 815561532A1375CC00BD9C16 /* XCRemoteSwiftPackageReference "firebase-ios-sdk" */;
			productName = FirebaseFirestore;
		};
		815561582A1375CC00BD9C16 /* FirebaseFirestoreSwift */ = {
			isa = XCSwiftPackageProductDependency;
			package = 815561532A1375CC00BD9C16 /* XCRemoteSwiftPackageReference "firebase-ios-sdk" */;
			productName = FirebaseFirestoreSwift;
		};
		8155615A2A1375CC00BD9C16 /* FirebaseStorage */ = {
			isa = XCSwiftPackageProductDependency;
			package = 815561532A1375CC00BD9C16 /* XCRemoteSwiftPackageReference "firebase-ios-sdk" */;
			productName = FirebaseStorage;
		};
/* End XCSwiftPackageProductDependency section */
	};
	rootObject = 81D7D0C82A0B6706005E2937 /* Project object */;
}
